
Microsoft Visual Studio Solution File, Format Version 12.00
# Visual Studio Version 16
VisualStudioVersion = 16.0.30011.22
MinimumVisualStudioVersion = 10.0.40219.1
Project("{FAE04EC0-301F-11D3-BF4B-00C04F79EFBC}") = "SpecificationsDemo", "SpecificationsDemo.csproj", "{1104F468-343A-4A34-98A6-1B90CE98B5E7}"
EndProject
Global
	GlobalSection(SolutionConfigurationPlatforms) = preSolution
		Debug|Any CPU = Debug|Any CPU
		Release|Any CPU = Release|Any CPU
	EndGlobalSection
	GlobalSection(ProjectConfigurationPlatforms) = postSolution
		{1104F468-343A-4A34-98A6-1B90CE98B5E7}.Debug|Any CPU.ActiveCfg = Debug|Any CPU
		{1104F468-343A-4A34-98A6-1B90CE98B5E7}.Debug|Any CPU.Build.0 = Debug|Any CPU
		{1104F468-343A-4A34-98A6-1B90CE98B5E7}.Release|Any CPU.ActiveCfg = Release|Any CPU
		{1104F468-343A-4A34-98A6-1B90CE98B5E7}.Release|Any CPU.Build.0 = Release|Any CPU
	EndGlobalSection
	GlobalSection(SolutionProperties) = preSolution
		HideSolutionNode = FALSE
	EndGlobalSection
	GlobalSection(ExtensibilityGlobals) = postSolution
		SolutionGuid = {3502D756-7EC6-4284-9C7D-518AE6CFE1DC}
	EndGlobalSection
EndGlobal
